
Microsoft Visual Studio Solution File, Format Version 12.00
# Visual Studio Version 17
VisualStudioVersion = 17.6.33723.286
MinimumVisualStudioVersion = 16.0.0.0
Project("{9A19103F-16F7-4668-BE54-9A1E7A4F7556}") = "MyBlazorCourse.Server", "Server\MyBlazorCourse.Server.csproj", "{34CB6947-8DD8-4AC2-B2FE-6B4B5720C256}"
EndProject
Project("{9A19103F-16F7-4668-BE54-9A1E7A4F7556}") = "MyBlazorCourse.Client", "Client\MyBlazorCourse.Client.csproj", "{1A007DD7-6F77-4225-8237-D4BCD867C468}"
EndProject
Project("{9A19103F-16F7-4668-BE54-9A1E7A4F7556}") = "MyBlazorCourse.Shared", "Shared\MyBlazorCourse.Shared.csproj", "{8A944D16-2AD7-49F1-9D21-DCB0D5D54120}"
EndProject
Project("{9A19103F-16F7-4668-BE54-9A1E7A4F7556}") = "BlazorComponents", "BlazorComponents\BlazorComponents.csproj", "{009557BB-4903-4E70-8E78-CEFEAFF2BC6C}"
EndProject
Project("{9A19103F-16F7-4668-BE54-9A1E7A4F7556}") = "RestApi", "RestApi\RestApi.csproj", "{2306FA29-2686-420B-A7F2-BC234B17593F}"
EndProject
Project("{9A19103F-16F7-4668-BE54-9A1E7A4F7556}") = "GrpcService", "GrpcService\GrpcService.csproj", "{F95C84C5-F0AE-430E-A2EC-53A3988B6C71}"
EndProject
Project("{9A19103F-16F7-4668-BE54-9A1E7A4F7556}") = "Infrastructure", "Infrastructure\Infrastructure.csproj", "{71358A70-0DD3-47CA-979D-A69AFA5563C0}"
EndProject
Project("{9A19103F-16F7-4668-BE54-9A1E7A4F7556}") = "IdentityProvider", "IdentityProvider\IdentityProvider.csproj", "{814C9EB7-BE79-48D8-BBD0-434548358EE1}"
EndProject
Global
	GlobalSection(SolutionConfigurationPlatforms) = preSolution
		Debug|Any CPU = Debug|Any CPU
		Debug|x64 = Debug|x64
		Debug|x86 = Debug|x86
		Release|Any CPU = Release|Any CPU
		Release|x64 = Release|x64
		Release|x86 = Release|x86
	EndGlobalSection
	GlobalSection(ProjectConfigurationPlatforms) = postSolution
		{34CB6947-8DD8-4AC2-B2FE-6B4B5720C256}.Debug|Any CPU.ActiveCfg = Debug|Any CPU
		{34CB6947-8DD8-4AC2-B2FE-6B4B5720C256}.Debug|Any CPU.Build.0 = Debug|Any CPU
		{34CB6947-8DD8-4AC2-B2FE-6B4B5720C256}.Debug|x64.ActiveCfg = Debug|Any CPU
		{34CB6947-8DD8-4AC2-B2FE-6B4B5720C256}.Debug|x64.Build.0 = Debug|Any CPU
		{34CB6947-8DD8-4AC2-B2FE-6B4B5720C256}.Debug|x86.ActiveCfg = Debug|Any CPU
		{34CB6947-8DD8-4AC2-B2FE-6B4B5720C256}.Debug|x86.Build.0 = Debug|Any CPU
		{34CB6947-8DD8-4AC2-B2FE-6B4B5720C256}.Release|Any CPU.ActiveCfg = Release|Any CPU
		{34CB6947-8DD8-4AC2-B2FE-6B4B5720C256}.Release|Any CPU.Build.0 = Release|Any CPU
		{34CB6947-8DD8-4AC2-B2FE-6B4B5720C256}.Release|x64.ActiveCfg = Release|Any CPU
		{34CB6947-8DD8-4AC2-B2FE-6B4B5720C256}.Release|x64.Build.0 = Release|Any CPU
		{34CB6947-8DD8-4AC2-B2FE-6B4B5720C256}.Release|x86.ActiveCfg = Release|Any CPU
		{34CB6947-8DD8-4AC2-B2FE-6B4B5720C256}.Release|x86.Build.0 = Release|Any CPU
		{1A007DD7-6F77-4225-8237-D4BCD867C468}.Debug|Any CPU.ActiveCfg = Debug|Any CPU
		{1A007DD7-6F77-4225-8237-D4BCD867C468}.Debug|Any CPU.Build.0 = Debug|Any CPU
		{1A007DD7-6F77-4225-8237-D4BCD867C468}.Debug|x64.ActiveCfg = Debug|Any CPU
		{1A007DD7-6F77-4225-8237-D4BCD867C468}.Debug|x64.Build.0 = Debug|Any CPU
		{1A007DD7-6F77-4225-8237-D4BCD867C468}.Debug|x86.ActiveCfg = Debug|Any CPU
		{1A007DD7-6F77-4225-8237-D4BCD867C468}.Debug|x86.Build.0 = Debug|Any CPU
		{1A007DD7-6F77-4225-8237-D4BCD867C468}.Release|Any CPU.ActiveCfg = Release|Any CPU
		{1A007DD7-6F77-4225-8237-D4BCD867C468}.Release|Any CPU.Build.0 = Release|Any CPU
		{1A007DD7-6F77-4225-8237-D4BCD867C468}.Release|x64.ActiveCfg = Release|Any CPU
		{1A007DD7-6F77-4225-8237-D4BCD867C468}.Release|x64.Build.0 = Release|Any CPU
		{1A007DD7-6F77-4225-8237-D4BCD867C468}.Release|x86.ActiveCfg = Release|Any CPU
		{1A007DD7-6F77-4225-8237-D4BCD867C468}.Release|x86.Build.0 = Release|Any CPU
		{8A944D16-2AD7-49F1-9D21-DCB0D5D54120}.Debug|Any CPU.ActiveCfg = Debug|Any CPU
		{8A944D16-2AD7-49F1-9D21-DCB0D5D54120}.Debug|Any CPU.Build.0 = Debug|Any CPU
		{8A944D16-2AD7-49F1-9D21-DCB0D5D54120}.Debug|x64.ActiveCfg = Debug|Any CPU
		{8A944D16-2AD7-49F1-9D21-DCB0D5D54120}.Debug|x64.Build.0 = Debug|Any CPU
		{8A944D16-2AD7-49F1-9D21-DCB0D5D54120}.Debug|x86.ActiveCfg = Debug|Any CPU
		{8A944D16-2AD7-49F1-9D21-DCB0D5D54120}.Debug|x86.Build.0 = Debug|Any CPU
		{8A944D16-2AD7-49F1-9D21-DCB0D5D54120}.Release|Any CPU.ActiveCfg = Release|Any CPU
		{8A944D16-2AD7-49F1-9D21-DCB0D5D54120}.Release|Any CPU.Build.0 = Release|Any CPU
		{8A944D16-2AD7-49F1-9D21-DCB0D5D54120}.Release|x64.ActiveCfg = Release|Any CPU
		{8A944D16-2AD7-49F1-9D21-DCB0D5D54120}.Release|x64.Build.0 = Release|Any CPU
		{8A944D16-2AD7-49F1-9D21-DCB0D5D54120}.Release|x86.ActiveCfg = Release|Any CPU
		{8A944D16-2AD7-49F1-9D21-DCB0D5D54120}.Release|x86.Build.0 = Release|Any CPU
		{009557BB-4903-4E70-8E78-CEFEAFF2BC6C}.Debug|Any CPU.ActiveCfg = Debug|Any CPU
		{009557BB-4903-4E70-8E78-CEFEAFF2BC6C}.Debug|Any CPU.Build.0 = Debug|Any CPU
		{009557BB-4903-4E70-8E78-CEFEAFF2BC6C}.Debug|x64.ActiveCfg = Debug|Any CPU
		{009557BB-4903-4E70-8E78-CEFEAFF2BC6C}.Debug|x64.Build.0 = Debug|Any CPU
		{009557BB-4903-4E70-8E78-CEFEAFF2BC6C}.Debug|x86.ActiveCfg = Debug|Any CPU
		{009557BB-4903-4E70-8E78-CEFEAFF2BC6C}.Debug|x86.Build.0 = Debug|Any CPU
		{009557BB-4903-4E70-8E78-CEFEAFF2BC6C}.Release|Any CPU.ActiveCfg = Release|Any CPU
		{009557BB-4903-4E70-8E78-CEFEAFF2BC6C}.Release|Any CPU.Build.0 = Release|Any CPU
		{009557BB-4903-4E70-8E78-CEFEAFF2BC6C}.Release|x64.ActiveCfg = Release|Any CPU
		{009557BB-4903-4E70-8E78-CEFEAFF2BC6C}.Release|x64.Build.0 = Release|Any CPU
		{009557BB-4903-4E70-8E78-CEFEAFF2BC6C}.Release|x86.ActiveCfg = Release|Any CPU
		{009557BB-4903-4E70-8E78-CEFEAFF2BC6C}.Release|x86.Build.0 = Release|Any CPU
		{2306FA29-2686-420B-A7F2-BC234B17593F}.Debug|Any CPU.ActiveCfg = Debug|Any CPU
		{2306FA29-2686-420B-A7F2-BC234B17593F}.Debug|Any CPU.Build.0 = Debug|Any CPU
		{2306FA29-2686-420B-A7F2-BC234B17593F}.Debug|x64.ActiveCfg = Debug|Any CPU
		{2306FA29-2686-420B-A7F2-BC234B17593F}.Debug|x64.Build.0 = Debug|Any CPU
		{2306FA29-2686-420B-A7F2-BC234B17593F}.Debug|x86.ActiveCfg = Debug|Any CPU
		{2306FA29-2686-420B-A7F2-BC234B17593F}.Debug|x86.Build.0 = Debug|Any CPU
		{2306FA29-2686-420B-A7F2-BC234B17593F}.Release|Any CPU.ActiveCfg = Release|Any CPU
		{2306FA29-2686-420B-A7F2-BC234B17593F}.Release|Any CPU.Build.0 = Release|Any CPU
		{2306FA29-2686-420B-A7F2-BC234B17593F}.Release|x64.ActiveCfg = Release|Any CPU
		{2306FA29-2686-420B-A7F2-BC234B17593F}.Release|x64.Build.0 = Release|Any CPU
		{2306FA29-2686-420B-A7F2-BC234B17593F}.Release|x86.ActiveCfg = Release|Any CPU
		{2306FA29-2686-420B-A7F2-BC234B17593F}.Release|x86.Build.0 = Release|Any CPU
		{F95C84C5-F0AE-430E-A2EC-53A3988B6C71}.Debug|Any CPU.ActiveCfg = Debug|Any CPU
		{F95C84C5-F0AE-430E-A2EC-53A3988B6C71}.Debug|Any CPU.Build.0 = Debug|Any CPU
		{F95C84C5-F0AE-430E-A2EC-53A3988B6C71}.Debug|x64.ActiveCfg = Debug|Any CPU
		{F95C84C5-F0AE-430E-A2EC-53A3988B6C71}.Debug|x64.Build.0 = Debug|Any CPU
		{F95C84C5-F0AE-430E-A2EC-53A3988B6C71}.Debug|x86.ActiveCfg = Debug|Any CPU
		{F95C84C5-F0AE-430E-A2EC-53A3988B6C71}.Debug|x86.Build.0 = Debug|Any CPU
		{F95C84C5-F0AE-430E-A2EC-53A3988B6C71}.Release|Any CPU.ActiveCfg = Release|Any CPU
		{F95C84C5-F0AE-430E-A2EC-53A3988B6C71}.Release|Any CPU.Build.0 = Release|Any CPU
		{F95C84C5-F0AE-430E-A2EC-53A3988B6C71}.Release|x64.ActiveCfg = Release|Any CPU
		{F95C84C5-F0AE-430E-A2EC-53A3988B6C71}.Release|x64.Build.0 = Release|Any CPU
		{F95C84C5-F0AE-430E-A2EC-53A3988B6C71}.Release|x86.ActiveCfg = Release|Any CPU
		{F95C84C5-F0AE-430E-A2EC-53A3988B6C71}.Release|x86.Build.0 = Release|Any CPU
		{71358A70-0DD3-47CA-979D-A69AFA5563C0}.Debug|Any CPU.ActiveCfg = Debug|Any CPU
		{71358A70-0DD3-47CA-979D-A69AFA5563C0}.Debug|Any CPU.Build.0 = Debug|Any CPU
		{71358A70-0DD3-47CA-979D-A69AFA5563C0}.Debug|x64.ActiveCfg = Debug|Any CPU
		{71358A70-0DD3-47CA-979D-A69AFA5563C0}.Debug|x64.Build.0 = Debug|Any CPU
		{71358A70-0DD3-47CA-979D-A69AFA5563C0}.Debug|x86.ActiveCfg = Debug|Any CPU
		{71358A70-0DD3-47CA-979D-A69AFA5563C0}.Debug|x86.Build.0 = Debug|Any CPU
		{71358A70-0DD3-47CA-979D-A69AFA5563C0}.Release|Any CPU.ActiveCfg = Release|Any CPU
		{71358A70-0DD3-47CA-979D-A69AFA5563C0}.Release|Any CPU.Build.0 = Release|Any CPU
		{71358A70-0DD3-47CA-979D-A69AFA5563C0}.Release|x64.ActiveCfg = Release|Any CPU
		{71358A70-0DD3-47CA-979D-A69AFA5563C0}.Release|x64.Build.0 = Release|Any CPU
		{71358A70-0DD3-47CA-979D-A69AFA5563C0}.Release|x86.ActiveCfg = Release|Any CPU
		{71358A70-0DD3-47CA-979D-A69AFA5563C0}.Release|x86.Build.0 = Release|Any CPU
		{814C9EB7-BE79-48D8-BBD0-434548358EE1}.Debug|Any CPU.ActiveCfg = Debug|Any CPU
		{814C9EB7-BE79-48D8-BBD0-434548358EE1}.Debug|Any CPU.Build.0 = Debug|Any CPU
		{814C9EB7-BE79-48D8-BBD0-434548358EE1}.Debug|x64.ActiveCfg = Debug|Any CPU
		{814C9EB7-BE79-48D8-BBD0-434548358EE1}.Debug|x64.Build.0 = Debug|Any CPU
		{814C9EB7-BE79-48D8-BBD0-434548358EE1}.Debug|x86.ActiveCfg = Debug|Any CPU
		{814C9EB7-BE79-48D8-BBD0-434548358EE1}.Debug|x86.Build.0 = Debug|Any CPU
		{814C9EB7-BE79-48D8-BBD0-434548358EE1}.Release|Any CPU.ActiveCfg = Release|Any CPU
		{814C9EB7-BE79-48D8-BBD0-434548358EE1}.Release|Any CPU.Build.0 = Release|Any CPU
		{814C9EB7-BE79-48D8-BBD0-434548358EE1}.Release|x64.ActiveCfg = Release|Any CPU
		{814C9EB7-BE79-48D8-BBD0-434548358EE1}.Release|x64.Build.0 = Release|Any CPU
		{814C9EB7-BE79-48D8-BBD0-434548358EE1}.Release|x86.ActiveCfg = Release|Any CPU
		{814C9EB7-BE79-48D8-BBD0-434548358EE1}.Release|x86.Build.0 = Release|Any CPU
	EndGlobalSection
	GlobalSection(SolutionProperties) = preSolution
		HideSolutionNode = FALSE
	EndGlobalSection
	GlobalSection(ExtensibilityGlobals) = postSolution
		SolutionGuid = {B4140E4E-A0E4-4004-A0B7-A9F4D8D23896}
	EndGlobalSection
EndGlobal
